
Microsoft Visual Studio Solution File, Format Version 12.00
# Visual Studio Version 17
VisualStudioVersion = 17.14.36414.22
MinimumVisualStudioVersion = 10.0.40219.1
Project("{F184B08F-C81C-45F6-A57F-5ABD9991F28F}") = "BOOKWORM", "Hangman\BOOKWORM.vbproj", "{F9CFF5AE-838F-4671-9D69-39FB30E458EF}"
EndProject
Global
	GlobalSection(SolutionConfigurationPlatforms) = preSolution
		Debug|Any CPU = Debug|Any CPU
		Release|Any CPU = Release|Any CPU
	EndGlobalSection
	GlobalSection(ProjectConfigurationPlatforms) = postSolution
		{F9CFF5AE-838F-4671-9D69-39FB30E458EF}.Debug|Any CPU.ActiveCfg = Debug|Any CPU
		{F9CFF5AE-838F-4671-9D69-39FB30E458EF}.Debug|Any CPU.Build.0 = Debug|Any CPU
		{F9CFF5AE-838F-4671-9D69-39FB30E458EF}.Release|Any CPU.ActiveCfg = Release|Any CPU
		{F9CFF5AE-838F-4671-9D69-39FB30E458EF}.Release|Any CPU.Build.0 = Release|Any CPU
	EndGlobalSection
	GlobalSection(SolutionProperties) = preSolution
		HideSolutionNode = FALSE
	EndGlobalSection
	GlobalSection(ExtensibilityGlobals) = postSolution
		SolutionGuid = {903FE3B9-27C5-4E59-A4A1-DCB6AEA86601}
	EndGlobalSection
EndGlobal
